
Microsoft Visual Studio Solution File, Format Version 12.00
# Visual Studio Version 17
VisualStudioVersion = 17.5.33530.505
MinimumVisualStudioVersion = 10.0.40219.1
Project("{FAE04EC0-301F-11D3-BF4B-00C04F79EFBC}") = "BlazorBattleRosters", "BlazorBattleRosters\BlazorBattleRosters.csproj", "{42912031-22E4-4B46-8D03-C52AB616E8AD}"
EndProject
Global
	GlobalSection(SolutionConfigurationPlatforms) = preSolution
		Debug|Any CPU = Debug|Any CPU
		Release|Any CPU = Release|Any CPU
	EndGlobalSection
	GlobalSection(ProjectConfigurationPlatforms) = postSolution
		{42912031-22E4-4B46-8D03-C52AB616E8AD}.Debug|Any CPU.ActiveCfg = Debug|Any CPU
		{42912031-22E4-4B46-8D03-C52AB616E8AD}.Debug|Any CPU.Build.0 = Debug|Any CPU
		{42912031-22E4-4B46-8D03-C52AB616E8AD}.Release|Any CPU.ActiveCfg = Release|Any CPU
		{42912031-22E4-4B46-8D03-C52AB616E8AD}.Release|Any CPU.Build.0 = Release|Any CPU
	EndGlobalSection
	GlobalSection(SolutionProperties) = preSolution
		HideSolutionNode = FALSE
	EndGlobalSection
	GlobalSection(ExtensibilityGlobals) = postSolution
		SolutionGuid = {11405B99-1D3F-426D-B321-A42993208ACB}
	EndGlobalSection
EndGlobal
